
Microsoft Visual Studio Solution File, Format Version 12.00
# Visual Studio 15
VisualStudioVersion = 15.0.28307.106
MinimumVisualStudioVersion = 10.0.40219.1
Project("{FAE04EC0-301F-11D3-BF4B-00C04F79EFBC}") = "Asteroids", "Asteroids\Asteroids.csproj", "{98FA101F-3D53-48A3-9090-7399FD11B66C}"
EndProject
Project("{FAE04EC0-301F-11D3-BF4B-00C04F79EFBC}") = "Collections+Lambda+Linq", "Collections+Lambda+Linq\Collections+Lambda+Linq.csproj", "{84D003BD-5A01-4511-B5C7-654BA183ABA5}"
EndProject
Global
	GlobalSection(SolutionConfigurationPlatforms) = preSolution
		Debug|Any CPU = Debug|Any CPU
		Release|Any CPU = Release|Any CPU
	EndGlobalSection
	GlobalSection(ProjectConfigurationPlatforms) = postSolution
		{98FA101F-3D53-48A3-9090-7399FD11B66C}.Debug|Any CPU.ActiveCfg = Debug|Any CPU
		{98FA101F-3D53-48A3-9090-7399FD11B66C}.Debug|Any CPU.Build.0 = Debug|Any CPU
		{98FA101F-3D53-48A3-9090-7399FD11B66C}.Release|Any CPU.ActiveCfg = Release|Any CPU
		{98FA101F-3D53-48A3-9090-7399FD11B66C}.Release|Any CPU.Build.0 = Release|Any CPU
		{84D003BD-5A01-4511-B5C7-654BA183ABA5}.Debug|Any CPU.ActiveCfg = Debug|Any CPU
		{84D003BD-5A01-4511-B5C7-654BA183ABA5}.Debug|Any CPU.Build.0 = Debug|Any CPU
		{84D003BD-5A01-4511-B5C7-654BA183ABA5}.Release|Any CPU.ActiveCfg = Release|Any CPU
		{84D003BD-5A01-4511-B5C7-654BA183ABA5}.Release|Any CPU.Build.0 = Release|Any CPU
	EndGlobalSection
	GlobalSection(SolutionProperties) = preSolution
		HideSolutionNode = FALSE
	EndGlobalSection
	GlobalSection(ExtensibilityGlobals) = postSolution
		SolutionGuid = {7B248957-6E2B-4F72-A367-2EECBD26B91D}
	EndGlobalSection
EndGlobal
